
Microsoft Visual Studio Solution File, Format Version 12.00
# Visual Studio Version 16
VisualStudioVersion = 25.0.1706.5
MinimumVisualStudioVersion = 10.0.40219.1
Project("{FAE04EC0-301F-11D3-BF4B-00C04F79EFBC}") = "LAB6Balls", "LAB6Balls.csproj", "{D6D9EBD6-3E1A-46CF-99EB-246D23CFFDDE}"
EndProject
Global
	GlobalSection(SolutionConfigurationPlatforms) = preSolution
		Debug|Any CPU = Debug|Any CPU
		Release|Any CPU = Release|Any CPU
	EndGlobalSection
	GlobalSection(ProjectConfigurationPlatforms) = postSolution
		{D6D9EBD6-3E1A-46CF-99EB-246D23CFFDDE}.Debug|Any CPU.ActiveCfg = Debug|Any CPU
		{D6D9EBD6-3E1A-46CF-99EB-246D23CFFDDE}.Debug|Any CPU.Build.0 = Debug|Any CPU
		{D6D9EBD6-3E1A-46CF-99EB-246D23CFFDDE}.Release|Any CPU.ActiveCfg = Release|Any CPU
		{D6D9EBD6-3E1A-46CF-99EB-246D23CFFDDE}.Release|Any CPU.Build.0 = Release|Any CPU
	EndGlobalSection
	GlobalSection(SolutionProperties) = preSolution
		HideSolutionNode = FALSE
	EndGlobalSection
	GlobalSection(ExtensibilityGlobals) = postSolution
		SolutionGuid = {FB65CD38-E587-40C2-AAA6-FC7EA3455ECB}
	EndGlobalSection
EndGlobal
